
Microsoft Visual Studio Solution File, Format Version 12.00
# Visual Studio Version 17
VisualStudioVersion = 17.13.35919.96
MinimumVisualStudioVersion = 10.0.40219.1
Project("{FAE04EC0-301F-11D3-BF4B-00C04F79EFBC}") = "AlgorithmProjectHospital", "AlgorithmProjectHospital\AlgorithmProjectHospital.csproj", "{ED1BBD71-CFF9-46E6-A881-FD5BF82A5311}"
EndProject
Global
	GlobalSection(SolutionConfigurationPlatforms) = preSolution
		Debug|Any CPU = Debug|Any CPU
		Release|Any CPU = Release|Any CPU
	EndGlobalSection
	GlobalSection(ProjectConfigurationPlatforms) = postSolution
		{ED1BBD71-CFF9-46E6-A881-FD5BF82A5311}.Debug|Any CPU.ActiveCfg = Debug|Any CPU
		{ED1BBD71-CFF9-46E6-A881-FD5BF82A5311}.Debug|Any CPU.Build.0 = Debug|Any CPU
		{ED1BBD71-CFF9-46E6-A881-FD5BF82A5311}.Release|Any CPU.ActiveCfg = Release|Any CPU
		{ED1BBD71-CFF9-46E6-A881-FD5BF82A5311}.Release|Any CPU.Build.0 = Release|Any CPU
	EndGlobalSection
	GlobalSection(SolutionProperties) = preSolution
		HideSolutionNode = FALSE
	EndGlobalSection
	GlobalSection(ExtensibilityGlobals) = postSolution
		SolutionGuid = {E854D16C-1246-4EE0-AEEA-D8B6A26A2D3D}
	EndGlobalSection
EndGlobal
